{
  "lockfileVersion": 1,
  "workspaces": {
    "": {
      "name": "writing_maintainable_tests",
      "devDependencies": {
        "@nowprototypeit/run-run-run": "github:nowprototypeit/run-run-run#f429f4d",
      },
    },
  },
  "packages": {
    "@nowprototypeit/run-run-run": ["run-run-run@github:nowprototypeit/run-run-run#f429f4d", { "dependencies": { "chokidar": "^4.0.3", "commander": "^14.0.0" }, "bin": { "run-run-run": "bin/run.js" } }, "nowprototypeit-watch-and-test-f429f4d"],

    "chokidar": ["chokidar@4.0.3", "", { "dependencies": { "readdirp": "^4.0.1" } }, "sha512-Qgzu8kfBvo+cA4962jnP1KkS6Dop5NS6g7R5LFYJr4b8Ub94PPQXUksCw9PvXoeXPRRddRNC5C1JQUR2SMGtnA=="],

    "commander": ["commander@14.0.1", "", {}, "sha512-2JkV3gUZUVrbNA+1sjBOYLsMZ5cEEl8GTFP2a4AVz5hvasAMCQ1D2l2le/cX+pV4N6ZU17zjUahLpIXRrnWL8A=="],

    "readdirp": ["readdirp@4.1.2", "", {}, "sha512-GDhwkLfywWL2s6vEjyhri+eXmfH6j1L7JE27WhqLeYzoh/A3DBaYGEj2H/HFZCn/kMfim73FXxEJTw06WtxQwg=="],
  }
}
